// !$*UTF8*$!
{
	archiveVersion = 1;
	classes = {
	};
	objectVersion = 46;
	objects = {

/* Begin PBXBuildFile section */
		03DA3AB31B9224A400E27B60 /* Foundation.framework in Frameworks */ = {isa = PBXBuildFile; fileRef = 03DA3AB21B9224A400E27B60 /* Foundation.framework */; };
		03DA3AB51B9224A400E27B60 /* CoreGraphics.framework in Frameworks */ = {isa = PBXBuildFile; fileRef = 03DA3AB41B9224A400E27B60 /* CoreGraphics.framework */; };
		03DA3AB71B9224A400E27B60 /* UIKit.framework in Frameworks */ = {isa = PBXBuildFile; fileRef = 03DA3AB61B9224A400E27B60 /* UIKit.framework */; };
		03DA3ABD1B9224A400E27B60 /* InfoPlist.strings in Resources */ = {isa = PBXBuildFile; fileRef = 03DA3ABB1B9224A400E27B60 /* InfoPlist.strings */; };
		03DA3ABF1B9224A400E27B60 /* main.m in Sources */ = {isa = PBXBuildFile; fileRef = 03DA3ABE1B9224A400E27B60 /* main.m */; };
		03DA3AC31B9224A400E27B60 /* BNRAppDelegate.m in Sources */ = {isa = PBXBuildFile; fileRef = 03DA3AC21B9224A400E27B60 /* BNRAppDelegate.m */; };
		03DA3AC51B9224A400E27B60 /* Images.xcassets in Resources */ = {isa = PBXBuildFile; fileRef = 03DA3AC41B9224A400E27B60 /* Images.xcassets */; };
		03DA3ACC1B9224A400E27B60 /* XCTest.framework in Frameworks */ = {isa = PBXBuildFile; fileRef = 03DA3ACB1B9224A400E27B60 /* XCTest.framework */; };
		03DA3ACD1B9224A400E27B60 /* Foundation.framework in Frameworks */ = {isa = PBXBuildFile; fileRef = 03DA3AB21B9224A400E27B60 /* Foundation.framework */; };
		03DA3ACE1B9224A400E27B60 /* UIKit.framework in Frameworks */ = {isa = PBXBuildFile; fileRef = 03DA3AB61B9224A400E27B60 /* UIKit.framework */; };
		03DA3AD61B9224A400E27B60 /* InfoPlist.strings in Resources */ = {isa = PBXBuildFile; fileRef = 03DA3AD41B9224A400E27B60 /* InfoPlist.strings */; };
		03DA3AD81B9224A400E27B60 /* QuizTests.m in Sources */ = {isa = PBXBuildFile; fileRef = 03DA3AD71B9224A400E27B60 /* QuizTests.m */; };
		03DA3AE31B922D5500E27B60 /* BNRQuizViewController.m in Sources */ = {isa = PBXBuildFile; fileRef = 03DA3AE21B922D5500E27B60 /* BNRQuizViewController.m */; };
		03DA3AE71B922E1600E27B60 /* BNRQuizViewController.xib in Resources */ = {isa = PBXBuildFile; fileRef = 03DA3AE61B922E1600E27B60 /* BNRQuizViewController.xib */; };
/* End PBXBuildFile section */

/* Begin PBXContainerItemProxy section */
		03DA3ACF1B9224A400E27B60 /* PBXContainerItemProxy */ = {
			isa = PBXContainerItemProxy;
			containerPortal = 03DA3AA71B9224A400E27B60 /* Project object */;
			proxyType = 1;
			remoteGlobalIDString = 03DA3AAE1B9224A400E27B60;
			remoteInfo = Quiz;
		};
/* End PBXContainerItemProxy section */

/* Begin PBXFileReference section */
		03DA3AAF1B9224A400E27B60 /* Quiz.app */ = {isa = PBXFileReference; explicitFileType = wrapper.application; includeInIndex = 0; path = Quiz.app; sourceTree = BUILT_PRODUCTS_DIR; };
		03DA3AB21B9224A400E27B60 /* Foundation.framework */ = {isa = PBXFileReference; lastKnownFileType = wrapper.framework; name = Foundation.framework; path = System/Library/Frameworks/Foundation.framework; sourceTree = SDKROOT; };
		03DA3AB41B9224A400E27B60 /* CoreGraphics.framework */ = {isa = PBXFileReference; lastKnownFileType = wrapper.framework; name = CoreGraphics.framework; path = System/Library/Frameworks/CoreGraphics.framework; sourceTree = SDKROOT; };
		03DA3AB61B9224A400E27B60 /* UIKit.framework */ = {isa = PBXFileReference; lastKnownFileType = wrapper.framework; name = UIKit.framework; path = System/Library/Frameworks/UIKit.framework; sourceTree = SDKROOT; };
		03DA3ABA1B9224A400E27B60 /* Quiz-Info.plist */ = {isa = PBXFileReference; lastKnownFileType = text.plist.xml; path = "Quiz-Info.plist"; sourceTree = "<group>"; };
		03DA3ABC1B9224A400E27B60 /* en */ = {isa = PBXFileReference; lastKnownFileType = text.plist.strings; name = en; path = en.lproj/InfoPlist.strings; sourceTree = "<group>"; };
		03DA3ABE1B9224A400E27B60 /* main.m */ = {isa = PBXFileReference; lastKnownFileType = sourcecode.c.objc; path = main.m; sourceTree = "<group>"; };
		03DA3AC01B9224A400E27B60 /* Quiz-Prefix.pch */ = {isa = PBXFileReference; lastKnownFileType = sourcecode.c.h; path = "Quiz-Prefix.pch"; sourceTree = "<group>"; };
		03DA3AC11B9224A400E27B60 /* BNRAppDelegate.h */ = {isa = PBXFileReference; lastKnownFileType = sourcecode.c.h; path = BNRAppDelegate.h; sourceTree = "<group>"; };
		03DA3AC21B9224A400E27B60 /* BNRAppDelegate.m */ = {isa = PBXFileReference; lastKnownFileType = sourcecode.c.objc; path = BNRAppDelegate.m; sourceTree = "<group>"; };
		03DA3AC41B9224A400E27B60 /* Images.xcassets */ = {isa = PBXFileReference; lastKnownFileType = folder.assetcatalog; path = Images.xcassets; sourceTree = "<group>"; };
		03DA3ACA1B9224A400E27B60 /* QuizTests.xctest */ = {isa = PBXFileReference; explicitFileType = wrapper.cfbundle; includeInIndex = 0; path = QuizTests.xctest; sourceTree = BUILT_PRODUCTS_DIR; };
		03DA3ACB1B9224A400E27B60 /* XCTest.framework */ = {isa = PBXFileReference; lastKnownFileType = wrapper.framework; name = XCTest.framework; path = Library/Frameworks/XCTest.framework; sourceTree = DEVELOPER_DIR; };
		03DA3AD31B9224A400E27B60 /* QuizTests-Info.plist */ = {isa = PBXFileReference; lastKnownFileType = text.plist.xml; path = "QuizTests-Info.plist"; sourceTree = "<group>"; };
		03DA3AD51B9224A400E27B60 /* en */ = {isa = PBXFileReference; lastKnownFileType = text.plist.strings; name = en; path = en.lproj/InfoPlist.strings; sourceTree = "<group>"; };
		03DA3AD71B9224A400E27B60 /* QuizTests.m */ = {isa = PBXFileReference; lastKnownFileType = sourcecode.c.objc; path = QuizTests.m; sourceTree = "<group>"; };
		03DA3AE11B922D5500E27B60 /* BNRQuizViewController.h */ = {isa = PBXFileReference; fileEncoding = 4; lastKnownFileType = sourcecode.c.h; path = BNRQuizViewController.h; sourceTree = "<group>"; };
		03DA3AE21B922D5500E27B60 /* BNRQuizViewController.m */ = {isa = PBXFileReference; fileEncoding = 4; lastKnownFileType = sourcecode.c.objc; path = BNRQuizViewController.m; sourceTree = "<group>"; };
		03DA3AE61B922E1600E27B60 /* BNRQuizViewController.xib */ = {isa = PBXFileReference; fileEncoding = 4; lastKnownFileType = file.xib; path = BNRQuizViewController.xib; sourceTree = "<group>"; };
/* End PBXFileReference section */

/* Begin PBXFrameworksBuildPhase section */
		03DA3AAC1B9224A400E27B60 /* Frameworks */ = {
			isa = PBXFrameworksBuildPhase;
			buildActionMask = 2147483647;
			files = (
				03DA3AB51B9224A400E27B60 /* CoreGraphics.framework in Frameworks */,
				03DA3AB71B9224A400E27B60 /* UIKit.framework in Frameworks */,
				03DA3AB31B9224A400E27B60 /* Foundation.framework in Frameworks */,
			);
			runOnlyForDeploymentPostprocessing = 0;
		};
		03DA3AC71B9224A400E27B60 /* Frameworks */ = {
			isa = PBXFrameworksBuildPhase;
			buildActionMask = 2147483647;
			files = (
				03DA3ACC1B9224A400E27B60 /* XCTest.framework in Frameworks */,
				03DA3ACE1B9224A400E27B60 /* UIKit.framework in Frameworks */,
				03DA3ACD1B9224A400E27B60 /* Foundation.framework in Frameworks */,
			);
			runOnlyForDeploymentPostprocessing = 0;
		};
/* End PBXFrameworksBuildPhase section */

/* Begin PBXGroup section */
		03DA3AA61B9224A400E27B60 = {
			isa = PBXGroup;
			children = (
				03DA3AB81B9224A400E27B60 /* Quiz */,
				03DA3AD11B9224A400E27B60 /* QuizTests */,
				03DA3AB11B9224A400E27B60 /* Frameworks */,
				03DA3AB01B9224A400E27B60 /* Products */,
			);
			sourceTree = "<group>";
		};
		03DA3AB01B9224A400E27B60 /* Products */ = {
			isa = PBXGroup;
			children = (
				03DA3AAF1B9224A400E27B60 /* Quiz.app */,
				03DA3ACA1B9224A400E27B60 /* QuizTests.xctest */,
			);
			name = Products;
			sourceTree = "<group>";
		};
		03DA3AB11B9224A400E27B60 /* Frameworks */ = {
			isa = PBXGroup;
			children = (
				03DA3AB21B9224A400E27B60 /* Foundation.framework */,
				03DA3AB41B9224A400E27B60 /* CoreGraphics.framework */,
				03DA3AB61B9224A400E27B60 /* UIKit.framework */,
				03DA3ACB1B9224A400E27B60 /* XCTest.framework */,
			);
			name = Frameworks;
			sourceTree = "<group>";
		};
		03DA3AB81B9224A400E27B60 /* Quiz */ = {
			isa = PBXGroup;
			children = (
				03DA3AC11B9224A400E27B60 /* BNRAppDelegate.h */,
				03DA3AC21B9224A400E27B60 /* BNRAppDelegate.m */,
				03DA3AC41B9224A400E27B60 /* Images.xcassets */,
				03DA3AB91B9224A400E27B60 /* Supporting Files */,
				03DA3AE11B922D5500E27B60 /* BNRQuizViewController.h */,
				03DA3AE21B922D5500E27B60 /* BNRQuizViewController.m */,
				03DA3AE61B922E1600E27B60 /* BNRQuizViewController.xib */,
			);
			path = Quiz;
			sourceTree = "<group>";
		};
		03DA3AB91B9224A400E27B60 /* Supporting Files */ = {
			isa = PBXGroup;
			children = (
				03DA3ABA1B9224A400E27B60 /* Quiz-Info.plist */,
				03DA3ABB1B9224A400E27B60 /* InfoPlist.strings */,
				03DA3ABE1B9224A400E27B60 /* main.m */,
				03DA3AC01B9224A400E27B60 /* Quiz-Prefix.pch */,
			);
			name = "Supporting Files";
			sourceTree = "<group>";
		};
		03DA3AD11B9224A400E27B60 /* QuizTests */ = {
			isa = PBXGroup;
			children = (
				03DA3AD71B9224A400E27B60 /* QuizTests.m */,
				03DA3AD21B9224A400E27B60 /* Supporting Files */,
			);
			path = QuizTests;
			sourceTree = "<group>";
		};
		03DA3AD21B9224A400E27B60 /* Supporting Files */ = {
			isa = PBXGroup;
			children = (
				03DA3AD31B9224A400E27B60 /* QuizTests-Info.plist */,
				03DA3AD41B9224A400E27B60 /* InfoPlist.strings */,
			);
			name = "Supporting Files";
			sourceTree = "<group>";
		};
/* End PBXGroup section */

/* Begin PBXNativeTarget section */
		03DA3AAE1B9224A400E27B60 /* Quiz */ = {
			isa = PBXNativeTarget;
			buildConfigurationList = 03DA3ADB1B9224A400E27B60 /* Build configuration list for PBXNativeTarget "Quiz" */;
			buildPhases = (
				03DA3AAB1B9224A400E27B60 /* Sources */,
				03DA3AAC1B9224A400E27B60 /* Frameworks */,
				03DA3AAD1B9224A400E27B60 /* Resources */,
			);
			buildRules = (
			);
			dependencies = (
			);
			name = Quiz;
			productName = Quiz;
			productReference = 03DA3AAF1B9224A400E27B60 /* Quiz.app */;
			productType = "com.apple.product-type.application";
		};
		03DA3AC91B9224A400E27B60 /* QuizTests */ = {
			isa = PBXNativeTarget;
			buildConfigurationList = 03DA3ADE1B9224A400E27B60 /* Build configuration list for PBXNativeTarget "QuizTests" */;
			buildPhases = (
				03DA3AC61B9224A400E27B60 /* Sources */,
				03DA3AC71B9224A400E27B60 /* Frameworks */,
				03DA3AC81B9224A400E27B60 /* Resources */,
			);
			buildRules = (
			);
			dependencies = (
				03DA3AD01B9224A400E27B60 /* PBXTargetDependency */,
			);
			name = QuizTests;
			productName = QuizTests;
			productReference = 03DA3ACA1B9224A400E27B60 /* QuizTests.xctest */;
			productType = "com.apple.product-type.bundle.unit-test";
		};
/* End PBXNativeTarget section */

/* Begin PBXProject section */
		03DA3AA71B9224A400E27B60 /* Project object */ = {
			isa = PBXProject;
			attributes = {
				CLASSPREFIX = BNR;
				LastUpgradeCheck = 0510;
				ORGANIZATIONNAME = "Erik Fuste";
				TargetAttributes = {
					03DA3AAE1B9224A400E27B60 = {
						DevelopmentTeam = YYVVPE5946;
					};
					03DA3AC91B9224A400E27B60 = {
						TestTargetID = 03DA3AAE1B9224A400E27B60;
					};
				};
			};
			buildConfigurationList = 03DA3AAA1B9224A400E27B60 /* Build configuration list for PBXProject "Quiz" */;
			compatibilityVersion = "Xcode 3.2";
			developmentRegion = English;
			hasScannedForEncodings = 0;
			knownRegions = (
				en,
			);
			mainGroup = 03DA3AA61B9224A400E27B60;
			productRefGroup = 03DA3AB01B9224A400E27B60 /* Products */;
			projectDirPath = "";
			projectRoot = "";
			targets = (
				03DA3AAE1B9224A400E27B60 /* Quiz */,
				03DA3AC91B9224A400E27B60 /* QuizTests */,
			);
		};
/* End PBXProject section */

/* Begin PBXResourcesBuildPhase section */
		03DA3AAD1B9224A400E27B60 /* Resources */ = {
			isa = PBXResourcesBuildPhase;
			buildActionMask = 2147483647;
			files = (
				03DA3ABD1B9224A400E27B60 /* InfoPlist.strings in Resources */,
				03DA3AE71B922E1600E27B60 /* BNRQuizViewController.xib in Resources */,
				03DA3AC51B9224A400E27B60 /* Images.xcassets in Resources */,
			);
			runOnlyForDeploymentPostprocessing = 0;
		};
		03DA3AC81B9224A400E27B60 /* Resources */ = {
			isa = PBXResourcesBuildPhase;
			buildActionMask = 2147483647;
			files = (
				03DA3AD61B9224A400E27B60 /* InfoPlist.strings in Resources */,
			);
			runOnlyForDeploymentPostprocessing = 0;
		};
/* End PBXResourcesBuildPhase section */

/* Begin PBXSourcesBuildPhase section */
		03DA3AAB1B9224A400E27B60 /* Sources */ = {
			isa = PBXSourcesBuildPhase;
			buildActionMask = 2147483647;
			files = (
				03DA3ABF1B9224A400E27B60 /* main.m in Sources */,
				03DA3AC31B9224A400E27B60 /* BNRAppDelegate.m in Sources */,
				03DA3AE31B922D5500E27B60 /* BNRQuizViewController.m in Sources */,
			);
			runOnlyForDeploymentPostprocessing = 0;
		};
		03DA3AC61B9224A400E27B60 /* Sources */ = {
			isa = PBXSourcesBuildPhase;
			buildActionMask = 2147483647;
			files = (
				03DA3AD81B9224A400E27B60 /* QuizTests.m in Sources */,
			);
			runOnlyForDeploymentPostprocessing = 0;
		};
/* End PBXSourcesBuildPhase section */

/* Begin PBXTargetDependency section */
		03DA3AD01B9224A400E27B60 /* PBXTargetDependency */ = {
			isa = PBXTargetDependency;
			target = 03DA3AAE1B9224A400E27B60 /* Quiz */;
			targetProxy = 03DA3ACF1B9224A400E27B60 /* PBXContainerItemProxy */;
		};
/* End PBXTargetDependency section */

/* Begin PBXVariantGroup section */
		03DA3ABB1B9224A400E27B60 /* InfoPlist.strings */ = {
			isa = PBXVariantGroup;
			children = (
				03DA3ABC1B9224A400E27B60 /* en */,
			);
			name = InfoPlist.strings;
			sourceTree = "<group>";
		};
		03DA3AD41B9224A400E27B60 /* InfoPlist.strings */ = {
			isa = PBXVariantGroup;
			children = (
				03DA3AD51B9224A400E27B60 /* en */,
			);
			name = InfoPlist.strings;
			sourceTree = "<group>";
		};
/* End PBXVariantGroup section */

/* Begin XCBuildConfiguration section */
		03DA3AD91B9224A400E27B60 /* Debug */ = {
			isa = XCBuildConfiguration;
			buildSettings = {
				ALWAYS_SEARCH_USER_PATHS = NO;
				CLANG_CXX_LANGUAGE_STANDARD = "gnu++0x";
				CLANG_CXX_LIBRARY = "libc++";
				CLANG_ENABLE_MODULES = YES;
				CLANG_ENABLE_OBJC_ARC = YES;
				CLANG_WARN_BOOL_CONVERSION = YES;
				CLANG_WARN_CONSTANT_CONVERSION = YES;
				CLANG_WARN_DIRECT_OBJC_ISA_USAGE = YES_ERROR;
				CLANG_WARN_EMPTY_BODY = YES;
				CLANG_WARN_ENUM_CONVERSION = YES;
				CLANG_WARN_INT_CONVERSION = YES;
				CLANG_WARN_OBJC_ROOT_CLASS = YES_ERROR;
				CLANG_WARN__DUPLICATE_METHOD_MATCH = YES;
				"CODE_SIGN_IDENTITY[sdk=iphoneos*]" = "iPhone Developer";
				COPY_PHASE_STRIP = NO;
				GCC_C_LANGUAGE_STANDARD = gnu99;
				GCC_DYNAMIC_NO_PIC = NO;
				GCC_OPTIMIZATION_LEVEL = 0;
				GCC_PREPROCESSOR_DEFINITIONS = (
					"DEBUG=1",
					"$(inherited)",
				);
				GCC_SYMBOLS_PRIVATE_EXTERN = NO;
				GCC_WARN_64_TO_32_BIT_CONVERSION = YES;
				GCC_WARN_ABOUT_RETURN_TYPE = YES_ERROR;
				GCC_WARN_UNDECLARED_SELECTOR = YES;
				GCC_WARN_UNINITIALIZED_AUTOS = YES_AGGRESSIVE;
				GCC_WARN_UNUSED_FUNCTION = YES;
				GCC_WARN_UNUSED_VARIABLE = YES;
				IPHONEOS_DEPLOYMENT_TARGET = 7.1;
				ONLY_ACTIVE_ARCH = YES;
				SDKROOT = iphoneos;
			};
			name = Debug;
		};
		03DA3ADA1B9224A400E27B60 /* Release */ = {
			isa = XCBuildConfiguration;
			buildSettings = {
				ALWAYS_SEARCH_USER_PATHS = NO;
				CLANG_CXX_LANGUAGE_STANDARD = "gnu++0x";
				CLANG_CXX_LIBRARY = "libc++";
				CLANG_ENABLE_MODULES = YES;
				CLANG_ENABLE_OBJC_ARC = YES;
				CLANG_WARN_BOOL_CONVERSION = YES;
				CLANG_WARN_CONSTANT_CONVERSION = YES;
				CLANG_WARN_DIRECT_OBJC_ISA_USAGE = YES_ERROR;
				CLANG_WARN_EMPTY_BODY = YES;
				CLANG_WARN_ENUM_CONVERSION = YES;
				CLANG_WARN_INT_CONVERSION = YES;
				CLANG_WARN_OBJC_ROOT_CLASS = YES_ERROR;
				CLANG_WARN__DUPLICATE_METHOD_MATCH = YES;
				"CODE_SIGN_IDENTITY[sdk=iphoneos*]" = "iPhone Developer";
				COPY_PHASE_STRIP = YES;
				ENABLE_NS_ASSERTIONS = NO;
				GCC_C_LANGUAGE_STANDARD = gnu99;
				GCC_WARN_64_TO_32_BIT_CONVERSION = YES;
				GCC_WARN_ABOUT_RETURN_TYPE = YES_ERROR;
				GCC_WARN_UNDECLARED_SELECTOR = YES;
				GCC_WARN_UNINITIALIZED_AUTOS = YES_AGGRESSIVE;
				GCC_WARN_UNUSED_FUNCTION = YES;
				GCC_WARN_UNUSED_VARIABLE = YES;
				IPHONEOS_DEPLOYMENT_TARGET = 7.1;
				SDKROOT = iphoneos;
				VALIDATE_PRODUCT = YES;
			};
			name = Release;
		};
		03DA3ADC1B9224A400E27B60 /* Debug */ = {
			isa = XCBuildConfiguration;
			buildSettings = {
				ASSETCATALOG_COMPILER_APPICON_NAME = AppIcon;
				ASSETCATALOG_COMPILER_LAUNCHIMAGE_NAME = LaunchImage;
				CODE_SIGN_IDENTITY = "iPhone Developer";
				"CODE_SIGN_IDENTITY[sdk=iphoneos*]" = "iPhone Developer";
				GCC_PRECOMPILE_PREFIX_HEADER = YES;
				GCC_PREFIX_HEADER = "Quiz/Quiz-Prefix.pch";
				INFOPLIST_FILE = "Quiz/Quiz-Info.plist";
				IPHONEOS_DEPLOYMENT_TARGET = 6.0;
				PRODUCT_NAME = "$(TARGET_NAME)";
				PROVISIONING_PROFILE = "";
				TARGETED_DEVICE_FAMILY = 1;
				WRAPPER_EXTENSION = app;
			};
			name = Debug;
		};
		03DA3ADD1B9224A400E27B60 /* Release */ = {
			isa = XCBuildConfiguration;
			buildSettings = {
				ASSETCATALOG_COMPILER_APPICON_NAME = AppIcon;
				ASSETCATALOG_COMPILER_LAUNCHIMAGE_NAME = LaunchImage;
				CODE_SIGN_IDENTITY = "iPhone Developer";
				"CODE_SIGN_IDENTITY[sdk=iphoneos*]" = "iPhone Developer";
				GCC_PRECOMPILE_PREFIX_HEADER = YES;
				GCC_PREFIX_HEADER = "Quiz/Quiz-Prefix.pch";
				INFOPLIST_FILE = "Quiz/Quiz-Info.plist";
				IPHONEOS_DEPLOYMENT_TARGET = 6.0;
				PRODUCT_NAME = "$(TARGET_NAME)";
				PROVISIONING_PROFILE = "";
				TARGETED_DEVICE_FAMILY = 1;
				WRAPPER_EXTENSION = app;
			};
			name = Release;
		};
		03DA3ADF1B9224A400E27B60 /* Debug */ = {
			isa = XCBuildConfiguration;
			buildSettings = {
				BUNDLE_LOADER = "$(BUILT_PRODUCTS_DIR)/Quiz.app/Quiz";
				FRAMEWORK_SEARCH_PATHS = (
					"$(SDKROOT)/Developer/Library/Frameworks",
					"$(inherited)",
					"$(DEVELOPER_FRAMEWORKS_DIR)",
				);
				GCC_PRECOMPILE_PREFIX_HEADER = YES;
				GCC_PREFIX_HEADER = "Quiz/Quiz-Prefix.pch";
				GCC_PREPROCESSOR_DEFINITIONS = (
					"DEBUG=1",
					"$(inherited)",
				);
				INFOPLIST_FILE = "QuizTests/QuizTests-Info.plist";
				PRODUCT_NAME = "$(TARGET_NAME)";
				TEST_HOST = "$(BUNDLE_LOADER)";
				WRAPPER_EXTENSION = xctest;
			};
			name = Debug;
		};
		03DA3AE01B9224A400E27B60 /* Release */ = {
			isa = XCBuildConfiguration;
			buildSettings = {
				BUNDLE_LOADER = "$(BUILT_PRODUCTS_DIR)/Quiz.app/Quiz";
				FRAMEWORK_SEARCH_PATHS = (
					"$(SDKROOT)/Developer/Library/Frameworks",
					"$(inherited)",
					"$(DEVELOPER_FRAMEWORKS_DIR)",
				);
				GCC_PRECOMPILE_PREFIX_HEADER = YES;
				GCC_PREFIX_HEADER = "Quiz/Quiz-Prefix.pch";
				INFOPLIST_FILE = "QuizTests/QuizTests-Info.plist";
				PRODUCT_NAME = "$(TARGET_NAME)";
				TEST_HOST = "$(BUNDLE_LOADER)";
				WRAPPER_EXTENSION = xctest;
			};
			name = Release;
		};
/* End XCBuildConfiguration section */

/* Begin XCConfigurationList section */
		03DA3AAA1B9224A400E27B60 /* Build configuration list for PBXProject "Quiz" */ = {
			isa = XCConfigurationList;
			buildConfigurations = (
				03DA3AD91B9224A400E27B60 /* Debug */,
				03DA3ADA1B9224A400E27B60 /* Release */,
			);
			defaultConfigurationIsVisible = 0;
			defaultConfigurationName = Release;
		};
		03DA3ADB1B9224A400E27B60 /* Build configuration list for PBXNativeTarget "Quiz" */ = {
			isa = XCConfigurationList;
			buildConfigurations = (
				03DA3ADC1B9224A400E27B60 /* Debug */,
				03DA3ADD1B9224A400E27B60 /* Release */,
			);
			defaultConfigurationIsVisible = 0;
			defaultConfigurationName = Release;
		};
		03DA3ADE1B9224A400E27B60 /* Build configuration list for PBXNativeTarget "QuizTests" */ = {
			isa = XCConfigurationList;
			buildConfigurations = (
				03DA3ADF1B9224A400E27B60 /* Debug */,
				03DA3AE01B9224A400E27B60 /* Release */,
			);
			defaultConfigurationIsVisible = 0;
			defaultConfigurationName = Release;
		};
/* End XCConfigurationList section */
	};
	rootObject = 03DA3AA71B9224A400E27B60 /* Project object */;
}
